
Microsoft Visual Studio Solution File, Format Version 10.00
# Visual Studio 2008
Project("{8BC9CEB8-8B4A-11D0-8D11-00A0C91BC942}") = "shworker", "shworker.vcproj", "{7CD76E64-A9DF-47DB-8A68-36297C67E557}"
EndProject
Global
	GlobalSection(SolutionConfigurationPlatforms) = preSolution
		Debug|Win32 = Debug|Win32
		Release|Win32 = Release|Win32
	EndGlobalSection
	GlobalSection(ProjectConfigurationPlatforms) = postSolution
		{7CD76E64-A9DF-47DB-8A68-36297C67E557}.Debug|Win32.ActiveCfg = Debug|Win32
		{7CD76E64-A9DF-47DB-8A68-36297C67E557}.Debug|Win32.Build.0 = Debug|Win32
		{7CD76E64-A9DF-47DB-8A68-36297C67E557}.Release|Win32.ActiveCfg = Release|Win32
		{7CD76E64-A9DF-47DB-8A68-36297C67E557}.Release|Win32.Build.0 = Release|Win32
	EndGlobalSection
	GlobalSection(SolutionProperties) = preSolution
		HideSolutionNode = FALSE
	EndGlobalSection
EndGlobal
